
Microsoft Visual Studio Solution File, Format Version 12.00
# Visual Studio Version 16
Project("{2150E333-8FDC-42A3-9474-1A3956D46DE8}") = "CMakePredefinedTargets", "CMakePredefinedTargets", "{E7A5E906-7E40-32F4-9F4C-4C2D89947446}"
EndProject
Project("{2150E333-8FDC-42A3-9474-1A3956D46DE8}") = "GLFW3", "GLFW3", "{A17B2955-A0CE-3932-BD7E-047E9642312C}"
EndProject
Project("{2150E333-8FDC-42A3-9474-1A3956D46DE8}") = "Examples", "GLFW3\Examples", "{A2C76AEC-B62E-391C-8675-C1EC627A4C27}"
EndProject
Project("{2150E333-8FDC-42A3-9474-1A3956D46DE8}") = "Tests", "GLFW3\Tests", "{69BA434C-3985-3951-A596-5A0450259765}"
EndProject
Project("{8BC9CEB8-8B4A-11D0-8D11-00A0C91BC942}") = "ALL_BUILD", "ALL_BUILD.vcxproj", "{D890001A-E1EC-380D-A8ED-D91F2DE7AF1A}"
	ProjectSection(ProjectDependencies) = postProject
		{BAEC79DD-5431-3E7E-BD89-BD5C1DA2ED67} = {BAEC79DD-5431-3E7E-BD89-BD5C1DA2ED67}
		{5BE0F94B-FA4D-35FA-9FCD-0417392F2242} = {5BE0F94B-FA4D-35FA-9FCD-0417392F2242}
		{4F27345D-6B5F-3055-A951-6C87B7B8B6F6} = {4F27345D-6B5F-3055-A951-6C87B7B8B6F6}
		{3956DD40-EEEB-3CB3-AD72-7FB252EA9E14} = {3956DD40-EEEB-3CB3-AD72-7FB252EA9E14}
		{A802A98F-A92B-33C1-BBAB-670BA837EACE} = {A802A98F-A92B-33C1-BBAB-670BA837EACE}
		{65D33197-1FCE-3FDC-9098-5D07E235D8B6} = {65D33197-1FCE-3FDC-9098-5D07E235D8B6}
		{5E54D623-312B-3574-AA87-84FA2FCAF710} = {5E54D623-312B-3574-AA87-84FA2FCAF710}
		{1575765B-B6DC-310F-AAB1-89B82FA1F3D5} = {1575765B-B6DC-310F-AAB1-89B82FA1F3D5}
		{8C680065-491D-3624-8D22-453026A7620A} = {8C680065-491D-3624-8D22-453026A7620A}
		{6644005E-4532-38CF-A87B-774172942CD6} = {6644005E-4532-38CF-A87B-774172942CD6}
		{5E64661F-93ED-325E-A7CE-78608570BCB3} = {5E64661F-93ED-325E-A7CE-78608570BCB3}
		{3E2771D8-C7E9-3353-B016-C643A587F639} = {3E2771D8-C7E9-3353-B016-C643A587F639}
		{65798F95-1997-3942-A352-BD853BF80097} = {65798F95-1997-3942-A352-BD853BF80097}
		{E7AD9260-7EA9-32CC-B7EE-98ECFB5834DE} = {E7AD9260-7EA9-32CC-B7EE-98ECFB5834DE}
		{5CD8400B-5F94-351E-A3A9-4CF34B3ADA1D} = {5CD8400B-5F94-351E-A3A9-4CF34B3ADA1D}
		{BF62C9F3-A8DE-3098-A095-EC87762E8EE7} = {BF62C9F3-A8DE-3098-A095-EC87762E8EE7}
		{C65FC7E7-60BF-3769-B2C3-D770332592B6} = {C65FC7E7-60BF-3769-B2C3-D770332592B6}
		{8D84A5E2-AF83-3DB6-B5F6-973DFA45C307} = {8D84A5E2-AF83-3DB6-B5F6-973DFA45C307}
		{A4C208E7-51F0-36AB-90E1-E091A09D4D86} = {A4C208E7-51F0-36AB-90E1-E091A09D4D86}
		{B62FADF3-E1B9-3143-9758-9F0781018171} = {B62FADF3-E1B9-3143-9758-9F0781018171}
		{C2037503-D53A-38D8-B45A-8A263B44D538} = {C2037503-D53A-38D8-B45A-8A263B44D538}
		{3F79629E-8338-3932-85BF-412C2B965BC2} = {3F79629E-8338-3932-85BF-412C2B965BC2}
		{636329CC-7C46-3CBE-A8ED-194F18AF6D02} = {636329CC-7C46-3CBE-A8ED-194F18AF6D02}
		{BA5A03DB-B13C-30F4-9FEA-E1BF3399DAD7} = {BA5A03DB-B13C-30F4-9FEA-E1BF3399DAD7}
		{2935BE41-9C43-37F6-ADD0-9645D85CC657} = {2935BE41-9C43-37F6-ADD0-9645D85CC657}
		{F59379E9-837B-3B7C-AC9E-CCC77E31A5EC} = {F59379E9-837B-3B7C-AC9E-CCC77E31A5EC}
		{9E0EB606-E86B-3F10-A86E-CB3604AB4EDB} = {9E0EB606-E86B-3F10-A86E-CB3604AB4EDB}
		{A0C3FDE7-CE23-37F8-A89B-53F1DD6FB4A8} = {A0C3FDE7-CE23-37F8-A89B-53F1DD6FB4A8}
		{ABE80DD3-F8A1-34D3-AB75-BA39B994290F} = {ABE80DD3-F8A1-34D3-AB75-BA39B994290F}
		{558D51FB-2277-307D-A284-0F7BD902EFD4} = {558D51FB-2277-307D-A284-0F7BD902EFD4}
		{D03B0883-92F4-337D-8DA8-496A18D79560} = {D03B0883-92F4-337D-8DA8-496A18D79560}
	EndProjectSection
EndProject
Project("{8BC9CEB8-8B4A-11D0-8D11-00A0C91BC942}") = "INSTALL", "INSTALL.vcxproj", "{115CCEBB-4864-3BDB-B012-24FF2CD7C41F}"
	ProjectSection(ProjectDependencies) = postProject
		{D890001A-E1EC-380D-A8ED-D91F2DE7AF1A} = {D890001A-E1EC-380D-A8ED-D91F2DE7AF1A}
		{BAEC79DD-5431-3E7E-BD89-BD5C1DA2ED67} = {BAEC79DD-5431-3E7E-BD89-BD5C1DA2ED67}
	EndProjectSection
EndProject
Project("{8BC9CEB8-8B4A-11D0-8D11-00A0C91BC942}") = "ZERO_CHECK", "..\..\\ZERO_CHECK.vcxproj", "{BAEC79DD-5431-3E7E-BD89-BD5C1DA2ED67}"
	ProjectSection(ProjectDependencies) = postProject
	EndProjectSection
EndProject
Project("{8BC9CEB8-8B4A-11D0-8D11-00A0C91BC942}") = "boing", "examples\boing.vcxproj", "{5BE0F94B-FA4D-35FA-9FCD-0417392F2242}"
	ProjectSection(ProjectDependencies) = postProject
		{BAEC79DD-5431-3E7E-BD89-BD5C1DA2ED67} = {BAEC79DD-5431-3E7E-BD89-BD5C1DA2ED67}
		{8C680065-491D-3624-8D22-453026A7620A} = {8C680065-491D-3624-8D22-453026A7620A}
	EndProjectSection
EndProject
Project("{8BC9CEB8-8B4A-11D0-8D11-00A0C91BC942}") = "clipboard", "tests\clipboard.vcxproj", "{4F27345D-6B5F-3055-A951-6C87B7B8B6F6}"
	ProjectSection(ProjectDependencies) = postProject
		{BAEC79DD-5431-3E7E-BD89-BD5C1DA2ED67} = {BAEC79DD-5431-3E7E-BD89-BD5C1DA2ED67}
		{8C680065-491D-3624-8D22-453026A7620A} = {8C680065-491D-3624-8D22-453026A7620A}
	EndProjectSection
EndProject
Project("{8BC9CEB8-8B4A-11D0-8D11-00A0C91BC942}") = "cursor", "tests\cursor.vcxproj", "{3956DD40-EEEB-3CB3-AD72-7FB252EA9E14}"
	ProjectSection(ProjectDependencies) = postProject
		{BAEC79DD-5431-3E7E-BD89-BD5C1DA2ED67} = {BAEC79DD-5431-3E7E-BD89-BD5C1DA2ED67}
		{8C680065-491D-3624-8D22-453026A7620A} = {8C680065-491D-3624-8D22-453026A7620A}
	EndProjectSection
EndProject
Project("{8BC9CEB8-8B4A-11D0-8D11-00A0C91BC942}") = "empty", "tests\empty.vcxproj", "{A802A98F-A92B-33C1-BBAB-670BA837EACE}"
	ProjectSection(ProjectDependencies) = postProject
		{BAEC79DD-5431-3E7E-BD89-BD5C1DA2ED67} = {BAEC79DD-5431-3E7E-BD89-BD5C1DA2ED67}
		{8C680065-491D-3624-8D22-453026A7620A} = {8C680065-491D-3624-8D22-453026A7620A}
	EndProjectSection
EndProject
Project("{8BC9CEB8-8B4A-11D0-8D11-00A0C91BC942}") = "events", "tests\events.vcxproj", "{65D33197-1FCE-3FDC-9098-5D07E235D8B6}"
	ProjectSection(ProjectDependencies) = postProject
		{BAEC79DD-5431-3E7E-BD89-BD5C1DA2ED67} = {BAEC79DD-5431-3E7E-BD89-BD5C1DA2ED67}
		{8C680065-491D-3624-8D22-453026A7620A} = {8C680065-491D-3624-8D22-453026A7620A}
	EndProjectSection
EndProject
Project("{8BC9CEB8-8B4A-11D0-8D11-00A0C91BC942}") = "gamma", "tests\gamma.vcxproj", "{5E54D623-312B-3574-AA87-84FA2FCAF710}"
	ProjectSection(ProjectDependencies) = postProject
		{BAEC79DD-5431-3E7E-BD89-BD5C1DA2ED67} = {BAEC79DD-5431-3E7E-BD89-BD5C1DA2ED67}
		{8C680065-491D-3624-8D22-453026A7620A} = {8C680065-491D-3624-8D22-453026A7620A}
	EndProjectSection
EndProject
Project("{8BC9CEB8-8B4A-11D0-8D11-00A0C91BC942}") = "gears", "examples\gears.vcxproj", "{1575765B-B6DC-310F-AAB1-89B82FA1F3D5}"
	ProjectSection(ProjectDependencies) = postProject
		{BAEC79DD-5431-3E7E-BD89-BD5C1DA2ED67} = {BAEC79DD-5431-3E7E-BD89-BD5C1DA2ED67}
		{8C680065-491D-3624-8D22-453026A7620A} = {8C680065-491D-3624-8D22-453026A7620A}
	EndProjectSection
EndProject
Project("{8BC9CEB8-8B4A-11D0-8D11-00A0C91BC942}") = "glfw", "src\glfw.vcxproj", "{8C680065-491D-3624-8D22-453026A7620A}"
	ProjectSection(ProjectDependencies) = postProject
		{BAEC79DD-5431-3E7E-BD89-BD5C1DA2ED67} = {BAEC79DD-5431-3E7E-BD89-BD5C1DA2ED67}
	EndProjectSection
EndProject
Project("{8BC9CEB8-8B4A-11D0-8D11-00A0C91BC942}") = "glfwinfo", "tests\glfwinfo.vcxproj", "{6644005E-4532-38CF-A87B-774172942CD6}"
	ProjectSection(ProjectDependencies) = postProject
		{BAEC79DD-5431-3E7E-BD89-BD5C1DA2ED67} = {BAEC79DD-5431-3E7E-BD89-BD5C1DA2ED67}
		{8C680065-491D-3624-8D22-453026A7620A} = {8C680065-491D-3624-8D22-453026A7620A}
	EndProjectSection
EndProject
Project("{8BC9CEB8-8B4A-11D0-8D11-00A0C91BC942}") = "heightmap", "examples\heightmap.vcxproj", "{5E64661F-93ED-325E-A7CE-78608570BCB3}"
	ProjectSection(ProjectDependencies) = postProject
		{BAEC79DD-5431-3E7E-BD89-BD5C1DA2ED67} = {BAEC79DD-5431-3E7E-BD89-BD5C1DA2ED67}
		{8C680065-491D-3624-8D22-453026A7620A} = {8C680065-491D-3624-8D22-453026A7620A}
	EndProjectSection
EndProject
Project("{8BC9CEB8-8B4A-11D0-8D11-00A0C91BC942}") = "icon", "tests\icon.vcxproj", "{3E2771D8-C7E9-3353-B016-C643A587F639}"
	ProjectSection(ProjectDependencies) = postProject
		{BAEC79DD-5431-3E7E-BD89-BD5C1DA2ED67} = {BAEC79DD-5431-3E7E-BD89-BD5C1DA2ED67}
		{8C680065-491D-3624-8D22-453026A7620A} = {8C680065-491D-3624-8D22-453026A7620A}
	EndProjectSection
EndProject
Project("{8BC9CEB8-8B4A-11D0-8D11-00A0C91BC942}") = "iconify", "tests\iconify.vcxproj", "{65798F95-1997-3942-A352-BD853BF80097}"
	ProjectSection(ProjectDependencies) = postProject
		{BAEC79DD-5431-3E7E-BD89-BD5C1DA2ED67} = {BAEC79DD-5431-3E7E-BD89-BD5C1DA2ED67}
		{8C680065-491D-3624-8D22-453026A7620A} = {8C680065-491D-3624-8D22-453026A7620A}
	EndProjectSection
EndProject
Project("{8BC9CEB8-8B4A-11D0-8D11-00A0C91BC942}") = "inputlag", "tests\inputlag.vcxproj", "{E7AD9260-7EA9-32CC-B7EE-98ECFB5834DE}"
	ProjectSection(ProjectDependencies) = postProject
		{BAEC79DD-5431-3E7E-BD89-BD5C1DA2ED67} = {BAEC79DD-5431-3E7E-BD89-BD5C1DA2ED67}
		{8C680065-491D-3624-8D22-453026A7620A} = {8C680065-491D-3624-8D22-453026A7620A}
	EndProjectSection
EndProject
Project("{8BC9CEB8-8B4A-11D0-8D11-00A0C91BC942}") = "joysticks", "tests\joysticks.vcxproj", "{5CD8400B-5F94-351E-A3A9-4CF34B3ADA1D}"
	ProjectSection(ProjectDependencies) = postProject
		{BAEC79DD-5431-3E7E-BD89-BD5C1DA2ED67} = {BAEC79DD-5431-3E7E-BD89-BD5C1DA2ED67}
		{8C680065-491D-3624-8D22-453026A7620A} = {8C680065-491D-3624-8D22-453026A7620A}
	EndProjectSection
EndProject
Project("{8BC9CEB8-8B4A-11D0-8D11-00A0C91BC942}") = "monitors", "tests\monitors.vcxproj", "{BF62C9F3-A8DE-3098-A095-EC87762E8EE7}"
	ProjectSection(ProjectDependencies) = postProject
		{BAEC79DD-5431-3E7E-BD89-BD5C1DA2ED67} = {BAEC79DD-5431-3E7E-BD89-BD5C1DA2ED67}
		{8C680065-491D-3624-8D22-453026A7620A} = {8C680065-491D-3624-8D22-453026A7620A}
	EndProjectSection
EndProject
Project("{8BC9CEB8-8B4A-11D0-8D11-00A0C91BC942}") = "msaa", "tests\msaa.vcxproj", "{C65FC7E7-60BF-3769-B2C3-D770332592B6}"
	ProjectSection(ProjectDependencies) = postProject
		{BAEC79DD-5431-3E7E-BD89-BD5C1DA2ED67} = {BAEC79DD-5431-3E7E-BD89-BD5C1DA2ED67}
		{8C680065-491D-3624-8D22-453026A7620A} = {8C680065-491D-3624-8D22-453026A7620A}
	EndProjectSection
EndProject
Project("{8BC9CEB8-8B4A-11D0-8D11-00A0C91BC942}") = "offscreen", "examples\offscreen.vcxproj", "{8D84A5E2-AF83-3DB6-B5F6-973DFA45C307}"
	ProjectSection(ProjectDependencies) = postProject
		{BAEC79DD-5431-3E7E-BD89-BD5C1DA2ED67} = {BAEC79DD-5431-3E7E-BD89-BD5C1DA2ED67}
		{8C680065-491D-3624-8D22-453026A7620A} = {8C680065-491D-3624-8D22-453026A7620A}
	EndProjectSection
EndProject
Project("{8BC9CEB8-8B4A-11D0-8D11-00A0C91BC942}") = "opacity", "tests\opacity.vcxproj", "{A4C208E7-51F0-36AB-90E1-E091A09D4D86}"
	ProjectSection(ProjectDependencies) = postProject
		{BAEC79DD-5431-3E7E-BD89-BD5C1DA2ED67} = {BAEC79DD-5431-3E7E-BD89-BD5C1DA2ED67}
		{8C680065-491D-3624-8D22-453026A7620A} = {8C680065-491D-3624-8D22-453026A7620A}
	EndProjectSection
EndProject
Project("{8BC9CEB8-8B4A-11D0-8D11-00A0C91BC942}") = "particles", "examples\particles.vcxproj", "{B62FADF3-E1B9-3143-9758-9F0781018171}"
	ProjectSection(ProjectDependencies) = postProject
		{BAEC79DD-5431-3E7E-BD89-BD5C1DA2ED67} = {BAEC79DD-5431-3E7E-BD89-BD5C1DA2ED67}
		{8C680065-491D-3624-8D22-453026A7620A} = {8C680065-491D-3624-8D22-453026A7620A}
	EndProjectSection
EndProject
Project("{8BC9CEB8-8B4A-11D0-8D11-00A0C91BC942}") = "reopen", "tests\reopen.vcxproj", "{C2037503-D53A-38D8-B45A-8A263B44D538}"
	ProjectSection(ProjectDependencies) = postProject
		{BAEC79DD-5431-3E7E-BD89-BD5C1DA2ED67} = {BAEC79DD-5431-3E7E-BD89-BD5C1DA2ED67}
		{8C680065-491D-3624-8D22-453026A7620A} = {8C680065-491D-3624-8D22-453026A7620A}
	EndProjectSection
EndProject
Project("{8BC9CEB8-8B4A-11D0-8D11-00A0C91BC942}") = "sharing", "examples\sharing.vcxproj", "{3F79629E-8338-3932-85BF-412C2B965BC2}"
	ProjectSection(ProjectDependencies) = postProject
		{BAEC79DD-5431-3E7E-BD89-BD5C1DA2ED67} = {BAEC79DD-5431-3E7E-BD89-BD5C1DA2ED67}
		{8C680065-491D-3624-8D22-453026A7620A} = {8C680065-491D-3624-8D22-453026A7620A}
	EndProjectSection
EndProject
Project("{8BC9CEB8-8B4A-11D0-8D11-00A0C91BC942}") = "simple", "examples\simple.vcxproj", "{636329CC-7C46-3CBE-A8ED-194F18AF6D02}"
	ProjectSection(ProjectDependencies) = postProject
		{BAEC79DD-5431-3E7E-BD89-BD5C1DA2ED67} = {BAEC79DD-5431-3E7E-BD89-BD5C1DA2ED67}
		{8C680065-491D-3624-8D22-453026A7620A} = {8C680065-491D-3624-8D22-453026A7620A}
	EndProjectSection
EndProject
Project("{8BC9CEB8-8B4A-11D0-8D11-00A0C91BC942}") = "splitview", "examples\splitview.vcxproj", "{BA5A03DB-B13C-30F4-9FEA-E1BF3399DAD7}"
	ProjectSection(ProjectDependencies) = postProject
		{BAEC79DD-5431-3E7E-BD89-BD5C1DA2ED67} = {BAEC79DD-5431-3E7E-BD89-BD5C1DA2ED67}
		{8C680065-491D-3624-8D22-453026A7620A} = {8C680065-491D-3624-8D22-453026A7620A}
	EndProjectSection
EndProject
Project("{8BC9CEB8-8B4A-11D0-8D11-00A0C91BC942}") = "tearing", "tests\tearing.vcxproj", "{2935BE41-9C43-37F6-ADD0-9645D85CC657}"
	ProjectSection(ProjectDependencies) = postProject
		{BAEC79DD-5431-3E7E-BD89-BD5C1DA2ED67} = {BAEC79DD-5431-3E7E-BD89-BD5C1DA2ED67}
		{8C680065-491D-3624-8D22-453026A7620A} = {8C680065-491D-3624-8D22-453026A7620A}
	EndProjectSection
EndProject
Project("{8BC9CEB8-8B4A-11D0-8D11-00A0C91BC942}") = "threads", "tests\threads.vcxproj", "{F59379E9-837B-3B7C-AC9E-CCC77E31A5EC}"
	ProjectSection(ProjectDependencies) = postProject
		{BAEC79DD-5431-3E7E-BD89-BD5C1DA2ED67} = {BAEC79DD-5431-3E7E-BD89-BD5C1DA2ED67}
		{8C680065-491D-3624-8D22-453026A7620A} = {8C680065-491D-3624-8D22-453026A7620A}
	EndProjectSection
EndProject
Project("{8BC9CEB8-8B4A-11D0-8D11-00A0C91BC942}") = "timeout", "tests\timeout.vcxproj", "{9E0EB606-E86B-3F10-A86E-CB3604AB4EDB}"
	ProjectSection(ProjectDependencies) = postProject
		{BAEC79DD-5431-3E7E-BD89-BD5C1DA2ED67} = {BAEC79DD-5431-3E7E-BD89-BD5C1DA2ED67}
		{8C680065-491D-3624-8D22-453026A7620A} = {8C680065-491D-3624-8D22-453026A7620A}
	EndProjectSection
EndProject
Project("{8BC9CEB8-8B4A-11D0-8D11-00A0C91BC942}") = "title", "tests\title.vcxproj", "{A0C3FDE7-CE23-37F8-A89B-53F1DD6FB4A8}"
	ProjectSection(ProjectDependencies) = postProject
		{BAEC79DD-5431-3E7E-BD89-BD5C1DA2ED67} = {BAEC79DD-5431-3E7E-BD89-BD5C1DA2ED67}
		{8C680065-491D-3624-8D22-453026A7620A} = {8C680065-491D-3624-8D22-453026A7620A}
	EndProjectSection
EndProject
Project("{8BC9CEB8-8B4A-11D0-8D11-00A0C91BC942}") = "triangle-vulkan", "tests\triangle-vulkan.vcxproj", "{ABE80DD3-F8A1-34D3-AB75-BA39B994290F}"
	ProjectSection(ProjectDependencies) = postProject
		{BAEC79DD-5431-3E7E-BD89-BD5C1DA2ED67} = {BAEC79DD-5431-3E7E-BD89-BD5C1DA2ED67}
		{8C680065-491D-3624-8D22-453026A7620A} = {8C680065-491D-3624-8D22-453026A7620A}
	EndProjectSection
EndProject
Project("{8BC9CEB8-8B4A-11D0-8D11-00A0C91BC942}") = "uninstall", "uninstall.vcxproj", "{736B6223-15A2-3DA9-9471-F0CF30F70906}"
	ProjectSection(ProjectDependencies) = postProject
		{BAEC79DD-5431-3E7E-BD89-BD5C1DA2ED67} = {BAEC79DD-5431-3E7E-BD89-BD5C1DA2ED67}
	EndProjectSection
EndProject
Project("{8BC9CEB8-8B4A-11D0-8D11-00A0C91BC942}") = "update_mappings", "src\update_mappings.vcxproj", "{5C2B9558-895B-33E2-9C7B-D55246ECA688}"
	ProjectSection(ProjectDependencies) = postProject
		{BAEC79DD-5431-3E7E-BD89-BD5C1DA2ED67} = {BAEC79DD-5431-3E7E-BD89-BD5C1DA2ED67}
	EndProjectSection
EndProject
Project("{8BC9CEB8-8B4A-11D0-8D11-00A0C91BC942}") = "wave", "examples\wave.vcxproj", "{558D51FB-2277-307D-A284-0F7BD902EFD4}"
	ProjectSection(ProjectDependencies) = postProject
		{BAEC79DD-5431-3E7E-BD89-BD5C1DA2ED67} = {BAEC79DD-5431-3E7E-BD89-BD5C1DA2ED67}
		{8C680065-491D-3624-8D22-453026A7620A} = {8C680065-491D-3624-8D22-453026A7620A}
	EndProjectSection
EndProject
Project("{8BC9CEB8-8B4A-11D0-8D11-00A0C91BC942}") = "windows", "tests\windows.vcxproj", "{D03B0883-92F4-337D-8DA8-496A18D79560}"
	ProjectSection(ProjectDependencies) = postProject
		{BAEC79DD-5431-3E7E-BD89-BD5C1DA2ED67} = {BAEC79DD-5431-3E7E-BD89-BD5C1DA2ED67}
		{8C680065-491D-3624-8D22-453026A7620A} = {8C680065-491D-3624-8D22-453026A7620A}
	EndProjectSection
EndProject
Global
	GlobalSection(SolutionConfigurationPlatforms) = preSolution
		Debug|x64 = Debug|x64
		Release|x64 = Release|x64
		MinSizeRel|x64 = MinSizeRel|x64
		RelWithDebInfo|x64 = RelWithDebInfo|x64
	EndGlobalSection
	GlobalSection(ProjectConfigurationPlatforms) = postSolution
		{D890001A-E1EC-380D-A8ED-D91F2DE7AF1A}.Debug|x64.ActiveCfg = Debug|x64
		{D890001A-E1EC-380D-A8ED-D91F2DE7AF1A}.Debug|x64.Build.0 = Debug|x64
		{D890001A-E1EC-380D-A8ED-D91F2DE7AF1A}.Release|x64.ActiveCfg = Release|x64
		{D890001A-E1EC-380D-A8ED-D91F2DE7AF1A}.Release|x64.Build.0 = Release|x64
		{D890001A-E1EC-380D-A8ED-D91F2DE7AF1A}.MinSizeRel|x64.ActiveCfg = MinSizeRel|x64
		{D890001A-E1EC-380D-A8ED-D91F2DE7AF1A}.MinSizeRel|x64.Build.0 = MinSizeRel|x64
		{D890001A-E1EC-380D-A8ED-D91F2DE7AF1A}.RelWithDebInfo|x64.ActiveCfg = RelWithDebInfo|x64
		{D890001A-E1EC-380D-A8ED-D91F2DE7AF1A}.RelWithDebInfo|x64.Build.0 = RelWithDebInfo|x64
		{115CCEBB-4864-3BDB-B012-24FF2CD7C41F}.Debug|x64.ActiveCfg = Debug|x64
		{115CCEBB-4864-3BDB-B012-24FF2CD7C41F}.Release|x64.ActiveCfg = Release|x64
		{115CCEBB-4864-3BDB-B012-24FF2CD7C41F}.MinSizeRel|x64.ActiveCfg = MinSizeRel|x64
		{115CCEBB-4864-3BDB-B012-24FF2CD7C41F}.RelWithDebInfo|x64.ActiveCfg = RelWithDebInfo|x64
		{BAEC79DD-5431-3E7E-BD89-BD5C1DA2ED67}.Debug|x64.ActiveCfg = Debug|x64
		{BAEC79DD-5431-3E7E-BD89-BD5C1DA2ED67}.Debug|x64.Build.0 = Debug|x64
		{BAEC79DD-5431-3E7E-BD89-BD5C1DA2ED67}.Release|x64.ActiveCfg = Release|x64
		{BAEC79DD-5431-3E7E-BD89-BD5C1DA2ED67}.Release|x64.Build.0 = Release|x64
		{BAEC79DD-5431-3E7E-BD89-BD5C1DA2ED67}.MinSizeRel|x64.ActiveCfg = MinSizeRel|x64
		{BAEC79DD-5431-3E7E-BD89-BD5C1DA2ED67}.MinSizeRel|x64.Build.0 = MinSizeRel|x64
		{BAEC79DD-5431-3E7E-BD89-BD5C1DA2ED67}.RelWithDebInfo|x64.ActiveCfg = RelWithDebInfo|x64
		{BAEC79DD-5431-3E7E-BD89-BD5C1DA2ED67}.RelWithDebInfo|x64.Build.0 = RelWithDebInfo|x64
		{5BE0F94B-FA4D-35FA-9FCD-0417392F2242}.Debug|x64.ActiveCfg = Debug|x64
		{5BE0F94B-FA4D-35FA-9FCD-0417392F2242}.Debug|x64.Build.0 = Debug|x64
		{5BE0F94B-FA4D-35FA-9FCD-0417392F2242}.Release|x64.ActiveCfg = Release|x64
		{5BE0F94B-FA4D-35FA-9FCD-0417392F2242}.Release|x64.Build.0 = Release|x64
		{5BE0F94B-FA4D-35FA-9FCD-0417392F2242}.MinSizeRel|x64.ActiveCfg = MinSizeRel|x64
		{5BE0F94B-FA4D-35FA-9FCD-0417392F2242}.MinSizeRel|x64.Build.0 = MinSizeRel|x64
		{5BE0F94B-FA4D-35FA-9FCD-0417392F2242}.RelWithDebInfo|x64.ActiveCfg = RelWithDebInfo|x64
		{5BE0F94B-FA4D-35FA-9FCD-0417392F2242}.RelWithDebInfo|x64.Build.0 = RelWithDebInfo|x64
		{4F27345D-6B5F-3055-A951-6C87B7B8B6F6}.Debug|x64.ActiveCfg = Debug|x64
		{4F27345D-6B5F-3055-A951-6C87B7B8B6F6}.Debug|x64.Build.0 = Debug|x64
		{4F27345D-6B5F-3055-A951-6C87B7B8B6F6}.Release|x64.ActiveCfg = Release|x64
		{4F27345D-6B5F-3055-A951-6C87B7B8B6F6}.Release|x64.Build.0 = Release|x64
		{4F27345D-6B5F-3055-A951-6C87B7B8B6F6}.MinSizeRel|x64.ActiveCfg = MinSizeRel|x64
		{4F27345D-6B5F-3055-A951-6C87B7B8B6F6}.MinSizeRel|x64.Build.0 = MinSizeRel|x64
		{4F27345D-6B5F-3055-A951-6C87B7B8B6F6}.RelWithDebInfo|x64.ActiveCfg = RelWithDebInfo|x64
		{4F27345D-6B5F-3055-A951-6C87B7B8B6F6}.RelWithDebInfo|x64.Build.0 = RelWithDebInfo|x64
		{3956DD40-EEEB-3CB3-AD72-7FB252EA9E14}.Debug|x64.ActiveCfg = Debug|x64
		{3956DD40-EEEB-3CB3-AD72-7FB252EA9E14}.Debug|x64.Build.0 = Debug|x64
		{3956DD40-EEEB-3CB3-AD72-7FB252EA9E14}.Release|x64.ActiveCfg = Release|x64
		{3956DD40-EEEB-3CB3-AD72-7FB252EA9E14}.Release|x64.Build.0 = Release|x64
		{3956DD40-EEEB-3CB3-AD72-7FB252EA9E14}.MinSizeRel|x64.ActiveCfg = MinSizeRel|x64
		{3956DD40-EEEB-3CB3-AD72-7FB252EA9E14}.MinSizeRel|x64.Build.0 = MinSizeRel|x64
		{3956DD40-EEEB-3CB3-AD72-7FB252EA9E14}.RelWithDebInfo|x64.ActiveCfg = RelWithDebInfo|x64
		{3956DD40-EEEB-3CB3-AD72-7FB252EA9E14}.RelWithDebInfo|x64.Build.0 = RelWithDebInfo|x64
		{A802A98F-A92B-33C1-BBAB-670BA837EACE}.Debug|x64.ActiveCfg = Debug|x64
		{A802A98F-A92B-33C1-BBAB-670BA837EACE}.Debug|x64.Build.0 = Debug|x64
		{A802A98F-A92B-33C1-BBAB-670BA837EACE}.Release|x64.ActiveCfg = Release|x64
		{A802A98F-A92B-33C1-BBAB-670BA837EACE}.Release|x64.Build.0 = Release|x64
		{A802A98F-A92B-33C1-BBAB-670BA837EACE}.MinSizeRel|x64.ActiveCfg = MinSizeRel|x64
		{A802A98F-A92B-33C1-BBAB-670BA837EACE}.MinSizeRel|x64.Build.0 = MinSizeRel|x64
		{A802A98F-A92B-33C1-BBAB-670BA837EACE}.RelWithDebInfo|x64.ActiveCfg = RelWithDebInfo|x64
		{A802A98F-A92B-33C1-BBAB-670BA837EACE}.RelWithDebInfo|x64.Build.0 = RelWithDebInfo|x64
		{65D33197-1FCE-3FDC-9098-5D07E235D8B6}.Debug|x64.ActiveCfg = Debug|x64
		{65D33197-1FCE-3FDC-9098-5D07E235D8B6}.Debug|x64.Build.0 = Debug|x64
		{65D33197-1FCE-3FDC-9098-5D07E235D8B6}.Release|x64.ActiveCfg = Release|x64
		{65D33197-1FCE-3FDC-9098-5D07E235D8B6}.Release|x64.Build.0 = Release|x64
		{65D33197-1FCE-3FDC-9098-5D07E235D8B6}.MinSizeRel|x64.ActiveCfg = MinSizeRel|x64
		{65D33197-1FCE-3FDC-9098-5D07E235D8B6}.MinSizeRel|x64.Build.0 = MinSizeRel|x64
		{65D33197-1FCE-3FDC-9098-5D07E235D8B6}.RelWithDebInfo|x64.ActiveCfg = RelWithDebInfo|x64
		{65D33197-1FCE-3FDC-9098-5D07E235D8B6}.RelWithDebInfo|x64.Build.0 = RelWithDebInfo|x64
		{5E54D623-312B-3574-AA87-84FA2FCAF710}.Debug|x64.ActiveCfg = Debug|x64
		{5E54D623-312B-3574-AA87-84FA2FCAF710}.Debug|x64.Build.0 = Debug|x64
		{5E54D623-312B-3574-AA87-84FA2FCAF710}.Release|x64.ActiveCfg = Release|x64
		{5E54D623-312B-3574-AA87-84FA2FCAF710}.Release|x64.Build.0 = Release|x64
		{5E54D623-312B-3574-AA87-84FA2FCAF710}.MinSizeRel|x64.ActiveCfg = MinSizeRel|x64
		{5E54D623-312B-3574-AA87-84FA2FCAF710}.MinSizeRel|x64.Build.0 = MinSizeRel|x64
		{5E54D623-312B-3574-AA87-84FA2FCAF710}.RelWithDebInfo|x64.ActiveCfg = RelWithDebInfo|x64
		{5E54D623-312B-3574-AA87-84FA2FCAF710}.RelWithDebInfo|x64.Build.0 = RelWithDebInfo|x64
		{1575765B-B6DC-310F-AAB1-89B82FA1F3D5}.Debug|x64.ActiveCfg = Debug|x64
		{1575765B-B6DC-310F-AAB1-89B82FA1F3D5}.Debug|x64.Build.0 = Debug|x64
		{1575765B-B6DC-310F-AAB1-89B82FA1F3D5}.Release|x64.ActiveCfg = Release|x64
		{1575765B-B6DC-310F-AAB1-89B82FA1F3D5}.Release|x64.Build.0 = Release|x64
		{1575765B-B6DC-310F-AAB1-89B82FA1F3D5}.MinSizeRel|x64.ActiveCfg = MinSizeRel|x64
		{1575765B-B6DC-310F-AAB1-89B82FA1F3D5}.MinSizeRel|x64.Build.0 = MinSizeRel|x64
		{1575765B-B6DC-310F-AAB1-89B82FA1F3D5}.RelWithDebInfo|x64.ActiveCfg = RelWithDebInfo|x64
		{1575765B-B6DC-310F-AAB1-89B82FA1F3D5}.RelWithDebInfo|x64.Build.0 = RelWithDebInfo|x64
		{8C680065-491D-3624-8D22-453026A7620A}.Debug|x64.ActiveCfg = Debug|x64
		{8C680065-491D-3624-8D22-453026A7620A}.Debug|x64.Build.0 = Debug|x64
		{8C680065-491D-3624-8D22-453026A7620A}.Release|x64.ActiveCfg = Release|x64
		{8C680065-491D-3624-8D22-453026A7620A}.Release|x64.Build.0 = Release|x64
		{8C680065-491D-3624-8D22-453026A7620A}.MinSizeRel|x64.ActiveCfg = MinSizeRel|x64
		{8C680065-491D-3624-8D22-453026A7620A}.MinSizeRel|x64.Build.0 = MinSizeRel|x64
		{8C680065-491D-3624-8D22-453026A7620A}.RelWithDebInfo|x64.ActiveCfg = RelWithDebInfo|x64
		{8C680065-491D-3624-8D22-453026A7620A}.RelWithDebInfo|x64.Build.0 = RelWithDebInfo|x64
		{6644005E-4532-38CF-A87B-774172942CD6}.Debug|x64.ActiveCfg = Debug|x64
		{6644005E-4532-38CF-A87B-774172942CD6}.Debug|x64.Build.0 = Debug|x64
		{6644005E-4532-38CF-A87B-774172942CD6}.Release|x64.ActiveCfg = Release|x64
		{6644005E-4532-38CF-A87B-774172942CD6}.Release|x64.Build.0 = Release|x64
		{6644005E-4532-38CF-A87B-774172942CD6}.MinSizeRel|x64.ActiveCfg = MinSizeRel|x64
		{6644005E-4532-38CF-A87B-774172942CD6}.MinSizeRel|x64.Build.0 = MinSizeRel|x64
		{6644005E-4532-38CF-A87B-774172942CD6}.RelWithDebInfo|x64.ActiveCfg = RelWithDebInfo|x64
		{6644005E-4532-38CF-A87B-774172942CD6}.RelWithDebInfo|x64.Build.0 = RelWithDebInfo|x64
		{5E64661F-93ED-325E-A7CE-78608570BCB3}.Debug|x64.ActiveCfg = Debug|x64
		{5E64661F-93ED-325E-A7CE-78608570BCB3}.Debug|x64.Build.0 = Debug|x64
		{5E64661F-93ED-325E-A7CE-78608570BCB3}.Release|x64.ActiveCfg = Release|x64
		{5E64661F-93ED-325E-A7CE-78608570BCB3}.Release|x64.Build.0 = Release|x64
		{5E64661F-93ED-325E-A7CE-78608570BCB3}.MinSizeRel|x64.ActiveCfg = MinSizeRel|x64
		{5E64661F-93ED-325E-A7CE-78608570BCB3}.MinSizeRel|x64.Build.0 = MinSizeRel|x64
		{5E64661F-93ED-325E-A7CE-78608570BCB3}.RelWithDebInfo|x64.ActiveCfg = RelWithDebInfo|x64
		{5E64661F-93ED-325E-A7CE-78608570BCB3}.RelWithDebInfo|x64.Build.0 = RelWithDebInfo|x64
		{3E2771D8-C7E9-3353-B016-C643A587F639}.Debug|x64.ActiveCfg = Debug|x64
		{3E2771D8-C7E9-3353-B016-C643A587F639}.Debug|x64.Build.0 = Debug|x64
		{3E2771D8-C7E9-3353-B016-C643A587F639}.Release|x64.ActiveCfg = Release|x64
		{3E2771D8-C7E9-3353-B016-C643A587F639}.Release|x64.Build.0 = Release|x64
		{3E2771D8-C7E9-3353-B016-C643A587F639}.MinSizeRel|x64.ActiveCfg = MinSizeRel|x64
		{3E2771D8-C7E9-3353-B016-C643A587F639}.MinSizeRel|x64.Build.0 = MinSizeRel|x64
		{3E2771D8-C7E9-3353-B016-C643A587F639}.RelWithDebInfo|x64.ActiveCfg = RelWithDebInfo|x64
		{3E2771D8-C7E9-3353-B016-C643A587F639}.RelWithDebInfo|x64.Build.0 = RelWithDebInfo|x64
		{65798F95-1997-3942-A352-BD853BF80097}.Debug|x64.ActiveCfg = Debug|x64
		{65798F95-1997-3942-A352-BD853BF80097}.Debug|x64.Build.0 = Debug|x64
		{65798F95-1997-3942-A352-BD853BF80097}.Release|x64.ActiveCfg = Release|x64
		{65798F95-1997-3942-A352-BD853BF80097}.Release|x64.Build.0 = Release|x64
		{65798F95-1997-3942-A352-BD853BF80097}.MinSizeRel|x64.ActiveCfg = MinSizeRel|x64
		{65798F95-1997-3942-A352-BD853BF80097}.MinSizeRel|x64.Build.0 = MinSizeRel|x64
		{65798F95-1997-3942-A352-BD853BF80097}.RelWithDebInfo|x64.ActiveCfg = RelWithDebInfo|x64
		{65798F95-1997-3942-A352-BD853BF80097}.RelWithDebInfo|x64.Build.0 = RelWithDebInfo|x64
		{E7AD9260-7EA9-32CC-B7EE-98ECFB5834DE}.Debug|x64.ActiveCfg = Debug|x64
		{E7AD9260-7EA9-32CC-B7EE-98ECFB5834DE}.Debug|x64.Build.0 = Debug|x64
		{E7AD9260-7EA9-32CC-B7EE-98ECFB5834DE}.Release|x64.ActiveCfg = Release|x64
		{E7AD9260-7EA9-32CC-B7EE-98ECFB5834DE}.Release|x64.Build.0 = Release|x64
		{E7AD9260-7EA9-32CC-B7EE-98ECFB5834DE}.MinSizeRel|x64.ActiveCfg = MinSizeRel|x64
		{E7AD9260-7EA9-32CC-B7EE-98ECFB5834DE}.MinSizeRel|x64.Build.0 = MinSizeRel|x64
		{E7AD9260-7EA9-32CC-B7EE-98ECFB5834DE}.RelWithDebInfo|x64.ActiveCfg = RelWithDebInfo|x64
		{E7AD9260-7EA9-32CC-B7EE-98ECFB5834DE}.RelWithDebInfo|x64.Build.0 = RelWithDebInfo|x64
		{5CD8400B-5F94-351E-A3A9-4CF34B3ADA1D}.Debug|x64.ActiveCfg = Debug|x64
		{5CD8400B-5F94-351E-A3A9-4CF34B3ADA1D}.Debug|x64.Build.0 = Debug|x64
		{5CD8400B-5F94-351E-A3A9-4CF34B3ADA1D}.Release|x64.ActiveCfg = Release|x64
		{5CD8400B-5F94-351E-A3A9-4CF34B3ADA1D}.Release|x64.Build.0 = Release|x64
		{5CD8400B-5F94-351E-A3A9-4CF34B3ADA1D}.MinSizeRel|x64.ActiveCfg = MinSizeRel|x64
		{5CD8400B-5F94-351E-A3A9-4CF34B3ADA1D}.MinSizeRel|x64.Build.0 = MinSizeRel|x64
		{5CD8400B-5F94-351E-A3A9-4CF34B3ADA1D}.RelWithDebInfo|x64.ActiveCfg = RelWithDebInfo|x64
		{5CD8400B-5F94-351E-A3A9-4CF34B3ADA1D}.RelWithDebInfo|x64.Build.0 = RelWithDebInfo|x64
		{BF62C9F3-A8DE-3098-A095-EC87762E8EE7}.Debug|x64.ActiveCfg = Debug|x64
		{BF62C9F3-A8DE-3098-A095-EC87762E8EE7}.Debug|x64.Build.0 = Debug|x64
		{BF62C9F3-A8DE-3098-A095-EC87762E8EE7}.Release|x64.ActiveCfg = Release|x64
		{BF62C9F3-A8DE-3098-A095-EC87762E8EE7}.Release|x64.Build.0 = Release|x64
		{BF62C9F3-A8DE-3098-A095-EC87762E8EE7}.MinSizeRel|x64.ActiveCfg = MinSizeRel|x64
		{BF62C9F3-A8DE-3098-A095-EC87762E8EE7}.MinSizeRel|x64.Build.0 = MinSizeRel|x64
		{BF62C9F3-A8DE-3098-A095-EC87762E8EE7}.RelWithDebInfo|x64.ActiveCfg = RelWithDebInfo|x64
		{BF62C9F3-A8DE-3098-A095-EC87762E8EE7}.RelWithDebInfo|x64.Build.0 = RelWithDebInfo|x64
		{C65FC7E7-60BF-3769-B2C3-D770332592B6}.Debug|x64.ActiveCfg = Debug|x64
		{C65FC7E7-60BF-3769-B2C3-D770332592B6}.Debug|x64.Build.0 = Debug|x64
		{C65FC7E7-60BF-3769-B2C3-D770332592B6}.Release|x64.ActiveCfg = Release|x64
		{C65FC7E7-60BF-3769-B2C3-D770332592B6}.Release|x64.Build.0 = Release|x64
		{C65FC7E7-60BF-3769-B2C3-D770332592B6}.MinSizeRel|x64.ActiveCfg = MinSizeRel|x64
		{C65FC7E7-60BF-3769-B2C3-D770332592B6}.MinSizeRel|x64.Build.0 = MinSizeRel|x64
		{C65FC7E7-60BF-3769-B2C3-D770332592B6}.RelWithDebInfo|x64.ActiveCfg = RelWithDebInfo|x64
		{C65FC7E7-60BF-3769-B2C3-D770332592B6}.RelWithDebInfo|x64.Build.0 = RelWithDebInfo|x64
		{8D84A5E2-AF83-3DB6-B5F6-973DFA45C307}.Debug|x64.ActiveCfg = Debug|x64
		{8D84A5E2-AF83-3DB6-B5F6-973DFA45C307}.Debug|x64.Build.0 = Debug|x64
		{8D84A5E2-AF83-3DB6-B5F6-973DFA45C307}.Release|x64.ActiveCfg = Release|x64
		{8D84A5E2-AF83-3DB6-B5F6-973DFA45C307}.Release|x64.Build.0 = Release|x64
		{8D84A5E2-AF83-3DB6-B5F6-973DFA45C307}.MinSizeRel|x64.ActiveCfg = MinSizeRel|x64
		{8D84A5E2-AF83-3DB6-B5F6-973DFA45C307}.MinSizeRel|x64.Build.0 = MinSizeRel|x64
		{8D84A5E2-AF83-3DB6-B5F6-973DFA45C307}.RelWithDebInfo|x64.ActiveCfg = RelWithDebInfo|x64
		{8D84A5E2-AF83-3DB6-B5F6-973DFA45C307}.RelWithDebInfo|x64.Build.0 = RelWithDebInfo|x64
		{A4C208E7-51F0-36AB-90E1-E091A09D4D86}.Debug|x64.ActiveCfg = Debug|x64
		{A4C208E7-51F0-36AB-90E1-E091A09D4D86}.Debug|x64.Build.0 = Debug|x64
		{A4C208E7-51F0-36AB-90E1-E091A09D4D86}.Release|x64.ActiveCfg = Release|x64
		{A4C208E7-51F0-36AB-90E1-E091A09D4D86}.Release|x64.Build.0 = Release|x64
		{A4C208E7-51F0-36AB-90E1-E091A09D4D86}.MinSizeRel|x64.ActiveCfg = MinSizeRel|x64
		{A4C208E7-51F0-36AB-90E1-E091A09D4D86}.MinSizeRel|x64.Build.0 = MinSizeRel|x64
		{A4C208E7-51F0-36AB-90E1-E091A09D4D86}.RelWithDebInfo|x64.ActiveCfg = RelWithDebInfo|x64
		{A4C208E7-51F0-36AB-90E1-E091A09D4D86}.RelWithDebInfo|x64.Build.0 = RelWithDebInfo|x64
		{B62FADF3-E1B9-3143-9758-9F0781018171}.Debug|x64.ActiveCfg = Debug|x64
		{B62FADF3-E1B9-3143-9758-9F0781018171}.Debug|x64.Build.0 = Debug|x64
		{B62FADF3-E1B9-3143-9758-9F0781018171}.Release|x64.ActiveCfg = Release|x64
		{B62FADF3-E1B9-3143-9758-9F0781018171}.Release|x64.Build.0 = Release|x64
		{B62FADF3-E1B9-3143-9758-9F0781018171}.MinSizeRel|x64.ActiveCfg = MinSizeRel|x64
		{B62FADF3-E1B9-3143-9758-9F0781018171}.MinSizeRel|x64.Build.0 = MinSizeRel|x64
		{B62FADF3-E1B9-3143-9758-9F0781018171}.RelWithDebInfo|x64.ActiveCfg = RelWithDebInfo|x64
		{B62FADF3-E1B9-3143-9758-9F0781018171}.RelWithDebInfo|x64.Build.0 = RelWithDebInfo|x64
		{C2037503-D53A-38D8-B45A-8A263B44D538}.Debug|x64.ActiveCfg = Debug|x64
		{C2037503-D53A-38D8-B45A-8A263B44D538}.Debug|x64.Build.0 = Debug|x64
		{C2037503-D53A-38D8-B45A-8A263B44D538}.Release|x64.ActiveCfg = Release|x64
		{C2037503-D53A-38D8-B45A-8A263B44D538}.Release|x64.Build.0 = Release|x64
		{C2037503-D53A-38D8-B45A-8A263B44D538}.MinSizeRel|x64.ActiveCfg = MinSizeRel|x64
		{C2037503-D53A-38D8-B45A-8A263B44D538}.MinSizeRel|x64.Build.0 = MinSizeRel|x64
		{C2037503-D53A-38D8-B45A-8A263B44D538}.RelWithDebInfo|x64.ActiveCfg = RelWithDebInfo|x64
		{C2037503-D53A-38D8-B45A-8A263B44D538}.RelWithDebInfo|x64.Build.0 = RelWithDebInfo|x64
		{3F79629E-8338-3932-85BF-412C2B965BC2}.Debug|x64.ActiveCfg = Debug|x64
		{3F79629E-8338-3932-85BF-412C2B965BC2}.Debug|x64.Build.0 = Debug|x64
		{3F79629E-8338-3932-85BF-412C2B965BC2}.Release|x64.ActiveCfg = Release|x64
		{3F79629E-8338-3932-85BF-412C2B965BC2}.Release|x64.Build.0 = Release|x64
		{3F79629E-8338-3932-85BF-412C2B965BC2}.MinSizeRel|x64.ActiveCfg = MinSizeRel|x64
		{3F79629E-8338-3932-85BF-412C2B965BC2}.MinSizeRel|x64.Build.0 = MinSizeRel|x64
		{3F79629E-8338-3932-85BF-412C2B965BC2}.RelWithDebInfo|x64.ActiveCfg = RelWithDebInfo|x64
		{3F79629E-8338-3932-85BF-412C2B965BC2}.RelWithDebInfo|x64.Build.0 = RelWithDebInfo|x64
		{636329CC-7C46-3CBE-A8ED-194F18AF6D02}.Debug|x64.ActiveCfg = Debug|x64
		{636329CC-7C46-3CBE-A8ED-194F18AF6D02}.Debug|x64.Build.0 = Debug|x64
		{636329CC-7C46-3CBE-A8ED-194F18AF6D02}.Release|x64.ActiveCfg = Release|x64
		{636329CC-7C46-3CBE-A8ED-194F18AF6D02}.Release|x64.Build.0 = Release|x64
		{636329CC-7C46-3CBE-A8ED-194F18AF6D02}.MinSizeRel|x64.ActiveCfg = MinSizeRel|x64
		{636329CC-7C46-3CBE-A8ED-194F18AF6D02}.MinSizeRel|x64.Build.0 = MinSizeRel|x64
		{636329CC-7C46-3CBE-A8ED-194F18AF6D02}.RelWithDebInfo|x64.ActiveCfg = RelWithDebInfo|x64
		{636329CC-7C46-3CBE-A8ED-194F18AF6D02}.RelWithDebInfo|x64.Build.0 = RelWithDebInfo|x64
		{BA5A03DB-B13C-30F4-9FEA-E1BF3399DAD7}.Debug|x64.ActiveCfg = Debug|x64
		{BA5A03DB-B13C-30F4-9FEA-E1BF3399DAD7}.Debug|x64.Build.0 = Debug|x64
		{BA5A03DB-B13C-30F4-9FEA-E1BF3399DAD7}.Release|x64.ActiveCfg = Release|x64
		{BA5A03DB-B13C-30F4-9FEA-E1BF3399DAD7}.Release|x64.Build.0 = Release|x64
		{BA5A03DB-B13C-30F4-9FEA-E1BF3399DAD7}.MinSizeRel|x64.ActiveCfg = MinSizeRel|x64
		{BA5A03DB-B13C-30F4-9FEA-E1BF3399DAD7}.MinSizeRel|x64.Build.0 = MinSizeRel|x64
		{BA5A03DB-B13C-30F4-9FEA-E1BF3399DAD7}.RelWithDebInfo|x64.ActiveCfg = RelWithDebInfo|x64
		{BA5A03DB-B13C-30F4-9FEA-E1BF3399DAD7}.RelWithDebInfo|x64.Build.0 = RelWithDebInfo|x64
		{2935BE41-9C43-37F6-ADD0-9645D85CC657}.Debug|x64.ActiveCfg = Debug|x64
		{2935BE41-9C43-37F6-ADD0-9645D85CC657}.Debug|x64.Build.0 = Debug|x64
		{2935BE41-9C43-37F6-ADD0-9645D85CC657}.Release|x64.ActiveCfg = Release|x64
		{2935BE41-9C43-37F6-ADD0-9645D85CC657}.Release|x64.Build.0 = Release|x64
		{2935BE41-9C43-37F6-ADD0-9645D85CC657}.MinSizeRel|x64.ActiveCfg = MinSizeRel|x64
		{2935BE41-9C43-37F6-ADD0-9645D85CC657}.MinSizeRel|x64.Build.0 = MinSizeRel|x64
		{2935BE41-9C43-37F6-ADD0-9645D85CC657}.RelWithDebInfo|x64.ActiveCfg = RelWithDebInfo|x64
		{2935BE41-9C43-37F6-ADD0-9645D85CC657}.RelWithDebInfo|x64.Build.0 = RelWithDebInfo|x64
		{F59379E9-837B-3B7C-AC9E-CCC77E31A5EC}.Debug|x64.ActiveCfg = Debug|x64
		{F59379E9-837B-3B7C-AC9E-CCC77E31A5EC}.Debug|x64.Build.0 = Debug|x64
		{F59379E9-837B-3B7C-AC9E-CCC77E31A5EC}.Release|x64.ActiveCfg = Release|x64
		{F59379E9-837B-3B7C-AC9E-CCC77E31A5EC}.Release|x64.Build.0 = Release|x64
		{F59379E9-837B-3B7C-AC9E-CCC77E31A5EC}.MinSizeRel|x64.ActiveCfg = MinSizeRel|x64
		{F59379E9-837B-3B7C-AC9E-CCC77E31A5EC}.MinSizeRel|x64.Build.0 = MinSizeRel|x64
		{F59379E9-837B-3B7C-AC9E-CCC77E31A5EC}.RelWithDebInfo|x64.ActiveCfg = RelWithDebInfo|x64
		{F59379E9-837B-3B7C-AC9E-CCC77E31A5EC}.RelWithDebInfo|x64.Build.0 = RelWithDebInfo|x64
		{9E0EB606-E86B-3F10-A86E-CB3604AB4EDB}.Debug|x64.ActiveCfg = Debug|x64
		{9E0EB606-E86B-3F10-A86E-CB3604AB4EDB}.Debug|x64.Build.0 = Debug|x64
		{9E0EB606-E86B-3F10-A86E-CB3604AB4EDB}.Release|x64.ActiveCfg = Release|x64
		{9E0EB606-E86B-3F10-A86E-CB3604AB4EDB}.Release|x64.Build.0 = Release|x64
		{9E0EB606-E86B-3F10-A86E-CB3604AB4EDB}.MinSizeRel|x64.ActiveCfg = MinSizeRel|x64
		{9E0EB606-E86B-3F10-A86E-CB3604AB4EDB}.MinSizeRel|x64.Build.0 = MinSizeRel|x64
		{9E0EB606-E86B-3F10-A86E-CB3604AB4EDB}.RelWithDebInfo|x64.ActiveCfg = RelWithDebInfo|x64
		{9E0EB606-E86B-3F10-A86E-CB3604AB4EDB}.RelWithDebInfo|x64.Build.0 = RelWithDebInfo|x64
		{A0C3FDE7-CE23-37F8-A89B-53F1DD6FB4A8}.Debug|x64.ActiveCfg = Debug|x64
		{A0C3FDE7-CE23-37F8-A89B-53F1DD6FB4A8}.Debug|x64.Build.0 = Debug|x64
		{A0C3FDE7-CE23-37F8-A89B-53F1DD6FB4A8}.Release|x64.ActiveCfg = Release|x64
		{A0C3FDE7-CE23-37F8-A89B-53F1DD6FB4A8}.Release|x64.Build.0 = Release|x64
		{A0C3FDE7-CE23-37F8-A89B-53F1DD6FB4A8}.MinSizeRel|x64.ActiveCfg = MinSizeRel|x64
		{A0C3FDE7-CE23-37F8-A89B-53F1DD6FB4A8}.MinSizeRel|x64.Build.0 = MinSizeRel|x64
		{A0C3FDE7-CE23-37F8-A89B-53F1DD6FB4A8}.RelWithDebInfo|x64.ActiveCfg = RelWithDebInfo|x64
		{A0C3FDE7-CE23-37F8-A89B-53F1DD6FB4A8}.RelWithDebInfo|x64.Build.0 = RelWithDebInfo|x64
		{ABE80DD3-F8A1-34D3-AB75-BA39B994290F}.Debug|x64.ActiveCfg = Debug|x64
		{ABE80DD3-F8A1-34D3-AB75-BA39B994290F}.Debug|x64.Build.0 = Debug|x64
		{ABE80DD3-F8A1-34D3-AB75-BA39B994290F}.Release|x64.ActiveCfg = Release|x64
		{ABE80DD3-F8A1-34D3-AB75-BA39B994290F}.Release|x64.Build.0 = Release|x64
		{ABE80DD3-F8A1-34D3-AB75-BA39B994290F}.MinSizeRel|x64.ActiveCfg = MinSizeRel|x64
		{ABE80DD3-F8A1-34D3-AB75-BA39B994290F}.MinSizeRel|x64.Build.0 = MinSizeRel|x64
		{ABE80DD3-F8A1-34D3-AB75-BA39B994290F}.RelWithDebInfo|x64.ActiveCfg = RelWithDebInfo|x64
		{ABE80DD3-F8A1-34D3-AB75-BA39B994290F}.RelWithDebInfo|x64.Build.0 = RelWithDebInfo|x64
		{736B6223-15A2-3DA9-9471-F0CF30F70906}.Debug|x64.ActiveCfg = Debug|x64
		{736B6223-15A2-3DA9-9471-F0CF30F70906}.Release|x64.ActiveCfg = Release|x64
		{736B6223-15A2-3DA9-9471-F0CF30F70906}.MinSizeRel|x64.ActiveCfg = MinSizeRel|x64
		{736B6223-15A2-3DA9-9471-F0CF30F70906}.RelWithDebInfo|x64.ActiveCfg = RelWithDebInfo|x64
		{5C2B9558-895B-33E2-9C7B-D55246ECA688}.Debug|x64.ActiveCfg = Debug|x64
		{5C2B9558-895B-33E2-9C7B-D55246ECA688}.Release|x64.ActiveCfg = Release|x64
		{5C2B9558-895B-33E2-9C7B-D55246ECA688}.MinSizeRel|x64.ActiveCfg = MinSizeRel|x64
		{5C2B9558-895B-33E2-9C7B-D55246ECA688}.RelWithDebInfo|x64.ActiveCfg = RelWithDebInfo|x64
		{558D51FB-2277-307D-A284-0F7BD902EFD4}.Debug|x64.ActiveCfg = Debug|x64
		{558D51FB-2277-307D-A284-0F7BD902EFD4}.Debug|x64.Build.0 = Debug|x64
		{558D51FB-2277-307D-A284-0F7BD902EFD4}.Release|x64.ActiveCfg = Release|x64
		{558D51FB-2277-307D-A284-0F7BD902EFD4}.Release|x64.Build.0 = Release|x64
		{558D51FB-2277-307D-A284-0F7BD902EFD4}.MinSizeRel|x64.ActiveCfg = MinSizeRel|x64
		{558D51FB-2277-307D-A284-0F7BD902EFD4}.MinSizeRel|x64.Build.0 = MinSizeRel|x64
		{558D51FB-2277-307D-A284-0F7BD902EFD4}.RelWithDebInfo|x64.ActiveCfg = RelWithDebInfo|x64
		{558D51FB-2277-307D-A284-0F7BD902EFD4}.RelWithDebInfo|x64.Build.0 = RelWithDebInfo|x64
		{D03B0883-92F4-337D-8DA8-496A18D79560}.Debug|x64.ActiveCfg = Debug|x64
		{D03B0883-92F4-337D-8DA8-496A18D79560}.Debug|x64.Build.0 = Debug|x64
		{D03B0883-92F4-337D-8DA8-496A18D79560}.Release|x64.ActiveCfg = Release|x64
		{D03B0883-92F4-337D-8DA8-496A18D79560}.Release|x64.Build.0 = Release|x64
		{D03B0883-92F4-337D-8DA8-496A18D79560}.MinSizeRel|x64.ActiveCfg = MinSizeRel|x64
		{D03B0883-92F4-337D-8DA8-496A18D79560}.MinSizeRel|x64.Build.0 = MinSizeRel|x64
		{D03B0883-92F4-337D-8DA8-496A18D79560}.RelWithDebInfo|x64.ActiveCfg = RelWithDebInfo|x64
		{D03B0883-92F4-337D-8DA8-496A18D79560}.RelWithDebInfo|x64.Build.0 = RelWithDebInfo|x64
	EndGlobalSection
	GlobalSection(NestedProjects) = preSolution
		{D890001A-E1EC-380D-A8ED-D91F2DE7AF1A} = {E7A5E906-7E40-32F4-9F4C-4C2D89947446}
		{115CCEBB-4864-3BDB-B012-24FF2CD7C41F} = {E7A5E906-7E40-32F4-9F4C-4C2D89947446}
		{BAEC79DD-5431-3E7E-BD89-BD5C1DA2ED67} = {E7A5E906-7E40-32F4-9F4C-4C2D89947446}
		{A2C76AEC-B62E-391C-8675-C1EC627A4C27} = {A17B2955-A0CE-3932-BD7E-047E9642312C}
		{69BA434C-3985-3951-A596-5A0450259765} = {A17B2955-A0CE-3932-BD7E-047E9642312C}
		{8C680065-491D-3624-8D22-453026A7620A} = {A17B2955-A0CE-3932-BD7E-047E9642312C}
		{736B6223-15A2-3DA9-9471-F0CF30F70906} = {A17B2955-A0CE-3932-BD7E-047E9642312C}
		{5C2B9558-895B-33E2-9C7B-D55246ECA688} = {A17B2955-A0CE-3932-BD7E-047E9642312C}
		{5BE0F94B-FA4D-35FA-9FCD-0417392F2242} = {A2C76AEC-B62E-391C-8675-C1EC627A4C27}
		{1575765B-B6DC-310F-AAB1-89B82FA1F3D5} = {A2C76AEC-B62E-391C-8675-C1EC627A4C27}
		{5E64661F-93ED-325E-A7CE-78608570BCB3} = {A2C76AEC-B62E-391C-8675-C1EC627A4C27}
		{8D84A5E2-AF83-3DB6-B5F6-973DFA45C307} = {A2C76AEC-B62E-391C-8675-C1EC627A4C27}
		{B62FADF3-E1B9-3143-9758-9F0781018171} = {A2C76AEC-B62E-391C-8675-C1EC627A4C27}
		{3F79629E-8338-3932-85BF-412C2B965BC2} = {A2C76AEC-B62E-391C-8675-C1EC627A4C27}
		{636329CC-7C46-3CBE-A8ED-194F18AF6D02} = {A2C76AEC-B62E-391C-8675-C1EC627A4C27}
		{BA5A03DB-B13C-30F4-9FEA-E1BF3399DAD7} = {A2C76AEC-B62E-391C-8675-C1EC627A4C27}
		{558D51FB-2277-307D-A284-0F7BD902EFD4} = {A2C76AEC-B62E-391C-8675-C1EC627A4C27}
		{4F27345D-6B5F-3055-A951-6C87B7B8B6F6} = {69BA434C-3985-3951-A596-5A0450259765}
		{3956DD40-EEEB-3CB3-AD72-7FB252EA9E14} = {69BA434C-3985-3951-A596-5A0450259765}
		{A802A98F-A92B-33C1-BBAB-670BA837EACE} = {69BA434C-3985-3951-A596-5A0450259765}
		{65D33197-1FCE-3FDC-9098-5D07E235D8B6} = {69BA434C-3985-3951-A596-5A0450259765}
		{5E54D623-312B-3574-AA87-84FA2FCAF710} = {69BA434C-3985-3951-A596-5A0450259765}
		{6644005E-4532-38CF-A87B-774172942CD6} = {69BA434C-3985-3951-A596-5A0450259765}
		{3E2771D8-C7E9-3353-B016-C643A587F639} = {69BA434C-3985-3951-A596-5A0450259765}
		{65798F95-1997-3942-A352-BD853BF80097} = {69BA434C-3985-3951-A596-5A0450259765}
		{E7AD9260-7EA9-32CC-B7EE-98ECFB5834DE} = {69BA434C-3985-3951-A596-5A0450259765}
		{5CD8400B-5F94-351E-A3A9-4CF34B3ADA1D} = {69BA434C-3985-3951-A596-5A0450259765}
		{BF62C9F3-A8DE-3098-A095-EC87762E8EE7} = {69BA434C-3985-3951-A596-5A0450259765}
		{C65FC7E7-60BF-3769-B2C3-D770332592B6} = {69BA434C-3985-3951-A596-5A0450259765}
		{A4C208E7-51F0-36AB-90E1-E091A09D4D86} = {69BA434C-3985-3951-A596-5A0450259765}
		{C2037503-D53A-38D8-B45A-8A263B44D538} = {69BA434C-3985-3951-A596-5A0450259765}
		{2935BE41-9C43-37F6-ADD0-9645D85CC657} = {69BA434C-3985-3951-A596-5A0450259765}
		{F59379E9-837B-3B7C-AC9E-CCC77E31A5EC} = {69BA434C-3985-3951-A596-5A0450259765}
		{9E0EB606-E86B-3F10-A86E-CB3604AB4EDB} = {69BA434C-3985-3951-A596-5A0450259765}
		{A0C3FDE7-CE23-37F8-A89B-53F1DD6FB4A8} = {69BA434C-3985-3951-A596-5A0450259765}
		{ABE80DD3-F8A1-34D3-AB75-BA39B994290F} = {69BA434C-3985-3951-A596-5A0450259765}
		{D03B0883-92F4-337D-8DA8-496A18D79560} = {69BA434C-3985-3951-A596-5A0450259765}
	EndGlobalSection
	GlobalSection(ExtensibilityGlobals) = postSolution
		SolutionGuid = {F3D20ACE-4973-3834-860A-6EEFDFFFCD0D}
	EndGlobalSection
	GlobalSection(ExtensibilityAddIns) = postSolution
	EndGlobalSection
EndGlobal
