<?xml version="1.0" encoding="utf-8"?>
<Project ToolsVersion="16.0" xmlns="http://schemas.microsoft.com/developer/msbuild/2003">
  <ItemGroup>
    <CustomBuild Include="X:\Anton\Projects\Programming\C\Volume-Rendering\CMakeFiles\8a37b683f1fc5c67eb0ed473fed1ef0c\INSTALL_force.rule">
      <Filter>CMake Rules</Filter>
    </CustomBuild>
  </ItemGroup>
  <ItemGroup>
    <Filter Include="CMake Rules">
      <UniqueIdentifier>{90586EAA-D21D-3FF2-ADA2-954241D96B89}</UniqueIdentifier>
    </Filter>
  </ItemGroup>
</Project>
